
Microsoft Visual Studio Solution File, Format Version 12.00
# Visual Studio Version 17
VisualStudioVersion = 17.2.32526.322
MinimumVisualStudioVersion = 10.0.40219.1
Project("{9A19103F-16F7-4668-BE54-9A1E7A4F7556}") = "Blazor.Web", "Web\Blazor\Blazor.Web\Blazor.Web.csproj", "{DF95935A-713F-4985-B969-8FA01C37AB8D}"
EndProject
Project("{9A19103F-16F7-4668-BE54-9A1E7A4F7556}") = "Api", "Api\Api\Api.csproj", "{B62115A8-E8F8-4325-AE1F-5299AEF5D104}"
	ProjectSection(ProjectDependencies) = postProject
		{51FCA1D7-E190-410C-AA58-9398B5F818B6} = {51FCA1D7-E190-410C-AA58-9398B5F818B6}
		{E0C72B0C-F306-4B95-B1B1-8DCDEAFD5627} = {E0C72B0C-F306-4B95-B1B1-8DCDEAFD5627}
	EndProjectSection
EndProject
Project("{2150E333-8FDC-42A3-9474-1A3956D46DE8}") = "External", "External", "{9DC32AC8-D864-4333-AB4B-4F8B9ABB01A5}"
EndProject
Project("{2150E333-8FDC-42A3-9474-1A3956D46DE8}") = "EF", "EF", "{298DCE39-03D1-45A7-B2D7-08ADBC318AB0}"
EndProject
Project("{9A19103F-16F7-4668-BE54-9A1E7A4F7556}") = "EFCore", "..\..\..\Programming Projects\dotnet\core\.NET 5.0\EF Core\efcore-5.0.12\src\EFCore\EFCore.csproj", "{51FCA1D7-E190-410C-AA58-9398B5F818B6}"
EndProject
Project("{9A19103F-16F7-4668-BE54-9A1E7A4F7556}") = "EFCore.Analyzers", "..\..\..\Programming Projects\dotnet\core\.NET 5.0\EF Core\efcore-5.0.12\src\EFCore.Analyzers\EFCore.Analyzers.csproj", "{45D13508-A4B3-4073-B79F-68957D1BB296}"
EndProject
Project("{9A19103F-16F7-4668-BE54-9A1E7A4F7556}") = "EFCore.SqlServer", "..\..\..\Programming Projects\dotnet\core\.NET 5.0\EF Core\efcore-5.0.12\src\EFCore.SqlServer\EFCore.SqlServer.csproj", "{E0C72B0C-F306-4B95-B1B1-8DCDEAFD5627}"
EndProject
Project("{9A19103F-16F7-4668-BE54-9A1E7A4F7556}") = "EFCore.Relational", "..\..\..\Programming Projects\dotnet\core\.NET 5.0\EF Core\efcore-5.0.12\src\EFCore.Relational\EFCore.Relational.csproj", "{78B7C021-0DA5-48CA-A1F0-20517D77CC37}"
EndProject
Project("{9A19103F-16F7-4668-BE54-9A1E7A4F7556}") = "EFCore.Abstractions", "..\..\..\Programming Projects\dotnet\core\.NET 5.0\EF Core\efcore-5.0.12\src\EFCore.Abstractions\EFCore.Abstractions.csproj", "{B4DE2730-7879-41C9-A163-9CDC0307C75E}"
EndProject
Project("{2150E333-8FDC-42A3-9474-1A3956D46DE8}") = "AspNetCoreOData", "AspNetCoreOData", "{B961D53F-7736-406C-A7D0-B6C0D5B6F09A}"
EndProject
Project("{9A19103F-16F7-4668-BE54-9A1E7A4F7556}") = "Microsoft.AspNetCore.OData", "..\..\..\Programming Projects\dotnet\AspNetCore\AspNetCoreOData\AspNetCoreOData-8.0.3\src\Microsoft.AspNetCore.OData\Microsoft.AspNetCore.OData.csproj", "{38F64B0A-9DFE-486D-95CC-587180491688}"
EndProject
Project("{9A19103F-16F7-4668-BE54-9A1E7A4F7556}") = "Microsoft.Spatial", "..\..\..\Programming Projects\Networking\OData\odata.net\odata.net-7.9.3\src\Microsoft.Spatial\Microsoft.Spatial.csproj", "{038CF6B1-91C7-4BC8-83ED-79A83E61931E}"
EndProject
Project("{9A19103F-16F7-4668-BE54-9A1E7A4F7556}") = "Microsoft.OData.Edm", "..\..\..\Programming Projects\Networking\OData\odata.net\odata.net-7.9.3\src\Microsoft.OData.Edm\Microsoft.OData.Edm.csproj", "{00CDC276-B91C-4E05-9511-26C6B3FB1F42}"
EndProject
Project("{9A19103F-16F7-4668-BE54-9A1E7A4F7556}") = "Microsoft.OData.Core", "..\..\..\Programming Projects\Networking\OData\odata.net\odata.net-7.9.3\src\Microsoft.OData.Core\Microsoft.OData.Core.csproj", "{D3963EED-A21B-41C2-B559-7E087DE2AD8B}"
EndProject
Project("{9A19103F-16F7-4668-BE54-9A1E7A4F7556}") = "Microsoft.OData.Client", "..\..\..\Programming Projects\Networking\OData\odata.net\odata.net-7.9.3\src\Microsoft.OData.Client\Microsoft.OData.Client.csproj", "{22CF8071-2221-4713-BD31-B28875802CE0}"
EndProject
Project("{9A19103F-16F7-4668-BE54-9A1E7A4F7556}") = "Microsoft.AspNetCore.Mvc.Core", "..\..\..\Programming Projects\Test ASPNETCore\src\Mvc\Mvc.Core\src\Microsoft.AspNetCore.Mvc.Core.csproj", "{4C4CEFCC-FD7C-4891-BA06-BC7264087F8A}"
EndProject
Project("{2150E333-8FDC-42A3-9474-1A3956D46DE8}") = "Test", "Test", "{57C25644-2B5B-4CAB-BD3D-DA54224059BD}"
EndProject
Project("{9A19103F-16F7-4668-BE54-9A1E7A4F7556}") = "Microsoft.AspNetCore.OData.E2E.Tests", "..\..\..\Programming Projects\dotnet\AspNetCore\AspNetCoreOData\AspNetCoreOData-8.0.3\test\Microsoft.AspNetCore.OData.E2E.Tests\Microsoft.AspNetCore.OData.E2E.Tests.csproj", "{B2AC0A72-CFEA-4593-84E5-DD70CCC2A489}"
EndProject
Project("{9A19103F-16F7-4668-BE54-9A1E7A4F7556}") = "Microsoft.AspNetCore.OData.TestCommon", "..\..\..\Programming Projects\dotnet\AspNetCore\AspNetCoreOData\AspNetCoreOData-8.0.3\test\Microsoft.AspNetCore.OData.TestCommon\Microsoft.AspNetCore.OData.TestCommon.csproj", "{6F70395A-EBD7-4651-B9EB-A6ADD19C679C}"
EndProject
Project("{9A19103F-16F7-4668-BE54-9A1E7A4F7556}") = "Microsoft.AspNetCore.OData.Tests", "..\..\..\Programming Projects\dotnet\AspNetCore\AspNetCoreOData\AspNetCoreOData-8.0.3\test\Microsoft.AspNetCore.OData.Tests\Microsoft.AspNetCore.OData.Tests.csproj", "{DC0E02D2-D53B-42E3-BC64-25A391637910}"
EndProject
Project("{2150E333-8FDC-42A3-9474-1A3956D46DE8}") = "gRPC", "gRPC", "{0DD25A7E-1E7B-4684-B609-8E7C42CC3E8F}"
EndProject
Project("{2150E333-8FDC-42A3-9474-1A3956D46DE8}") = "GraphQL", "GraphQL", "{1C0E0BA4-EDEB-41AF-8EEE-FDB4A839CA29}"
EndProject
Project("{2150E333-8FDC-42A3-9474-1A3956D46DE8}") = "Desktop", "Desktop", "{3685538C-5AD6-47BA-A6D1-0201F9A0FAD2}"
EndProject
Project("{8BC9CEB8-8B4A-11D0-8D11-00A0C91BC942}") = "ConsoleApplication1", "ConsoleApplication1\ConsoleApplication1.vcxproj", "{0138406A-3B92-4111-93FC-54FDC50416D1}"
EndProject
Project("{8BC9CEB8-8B4A-11D0-8D11-00A0C91BC942}") = "ConsoleApplication2", "ConsoleApplication2\ConsoleApplication2.vcxproj", "{3C74E203-AB1E-4B72-AAB8-5761FCDF3478}"
EndProject
Project("{8BC9CEB8-8B4A-11D0-8D11-00A0C91BC942}") = "Blink1", "Blink1\Blink1.vcxproj", "{1C172B74-351F-403F-90D0-E857515B2BB7}"
EndProject
Project("{8BC9CEB8-8B4A-11D0-8D11-00A0C91BC942}") = "Win32Project1", "Win32Project1\Win32Project1.vcxproj", "{3CC1C1F3-CBC7-4F50-B333-ECA7014C268F}"
EndProject
Project("{8BC9CEB8-8B4A-11D0-8D11-00A0C91BC942}") = "MFCAppStdSDI1", "MFCAppStdSDI1\MFCAppStdSDI1.vcxproj", "{1955005E-2B6D-4A9D-BF31-66B7EB71C89E}"
EndProject
Project("{8BC9CEB8-8B4A-11D0-8D11-00A0C91BC942}") = "MFCApplicationDlg1", "MFCApplicationDlg1\MFCApplicationDlg1.vcxproj", "{9246E6DF-0A7A-4573-80B8-3A7A45F6ABA7}"
EndProject
Project("{2150E333-8FDC-42A3-9474-1A3956D46DE8}") = "Microsoft.AspNetCore", "Microsoft.AspNetCore", "{3312560A-C4E8-408F-AFC0-787FAD54877F}"
EndProject
Project("{FAE04EC0-301F-11D3-BF4B-00C04F79EFBC}") = "Angular.Web", "Angular.Web\Angular.Web.csproj", "{761A888E-AB4A-421A-84E6-A62A84A86B9A}"
EndProject
Project("{FAE04EC0-301F-11D3-BF4B-00C04F79EFBC}") = "ReactJS.Web", "ReactJS.Web\ReactJS.Web.csproj", "{F9287F90-302B-40B8-B263-3B733611A0D7}"
EndProject
Global
	GlobalSection(SolutionConfigurationPlatforms) = preSolution
		Debug|Any CPU = Debug|Any CPU
		Debug|ARM = Debug|ARM
		Debug|ARM64 = Debug|ARM64
		Debug|x64 = Debug|x64
		Debug|x86 = Debug|x86
		Release|Any CPU = Release|Any CPU
		Release|ARM = Release|ARM
		Release|ARM64 = Release|ARM64
		Release|x64 = Release|x64
		Release|x86 = Release|x86
	EndGlobalSection
	GlobalSection(ProjectConfigurationPlatforms) = postSolution
		{DF95935A-713F-4985-B969-8FA01C37AB8D}.Debug|Any CPU.ActiveCfg = Debug|Any CPU
		{DF95935A-713F-4985-B969-8FA01C37AB8D}.Debug|Any CPU.Build.0 = Debug|Any CPU
		{DF95935A-713F-4985-B969-8FA01C37AB8D}.Debug|ARM.ActiveCfg = Debug|Any CPU
		{DF95935A-713F-4985-B969-8FA01C37AB8D}.Debug|ARM.Build.0 = Debug|Any CPU
		{DF95935A-713F-4985-B969-8FA01C37AB8D}.Debug|ARM64.ActiveCfg = Debug|Any CPU
		{DF95935A-713F-4985-B969-8FA01C37AB8D}.Debug|ARM64.Build.0 = Debug|Any CPU
		{DF95935A-713F-4985-B969-8FA01C37AB8D}.Debug|x64.ActiveCfg = Debug|Any CPU
		{DF95935A-713F-4985-B969-8FA01C37AB8D}.Debug|x64.Build.0 = Debug|Any CPU
		{DF95935A-713F-4985-B969-8FA01C37AB8D}.Debug|x86.ActiveCfg = Debug|Any CPU
		{DF95935A-713F-4985-B969-8FA01C37AB8D}.Debug|x86.Build.0 = Debug|Any CPU
		{DF95935A-713F-4985-B969-8FA01C37AB8D}.Release|Any CPU.ActiveCfg = Release|Any CPU
		{DF95935A-713F-4985-B969-8FA01C37AB8D}.Release|Any CPU.Build.0 = Release|Any CPU
		{DF95935A-713F-4985-B969-8FA01C37AB8D}.Release|ARM.ActiveCfg = Release|Any CPU
		{DF95935A-713F-4985-B969-8FA01C37AB8D}.Release|ARM.Build.0 = Release|Any CPU
		{DF95935A-713F-4985-B969-8FA01C37AB8D}.Release|ARM64.ActiveCfg = Release|Any CPU
		{DF95935A-713F-4985-B969-8FA01C37AB8D}.Release|ARM64.Build.0 = Release|Any CPU
		{DF95935A-713F-4985-B969-8FA01C37AB8D}.Release|x64.ActiveCfg = Release|Any CPU
		{DF95935A-713F-4985-B969-8FA01C37AB8D}.Release|x64.Build.0 = Release|Any CPU
		{DF95935A-713F-4985-B969-8FA01C37AB8D}.Release|x86.ActiveCfg = Release|Any CPU
		{DF95935A-713F-4985-B969-8FA01C37AB8D}.Release|x86.Build.0 = Release|Any CPU
		{B62115A8-E8F8-4325-AE1F-5299AEF5D104}.Debug|Any CPU.ActiveCfg = Debug|Any CPU
		{B62115A8-E8F8-4325-AE1F-5299AEF5D104}.Debug|Any CPU.Build.0 = Debug|Any CPU
		{B62115A8-E8F8-4325-AE1F-5299AEF5D104}.Debug|ARM.ActiveCfg = Debug|Any CPU
		{B62115A8-E8F8-4325-AE1F-5299AEF5D104}.Debug|ARM.Build.0 = Debug|Any CPU
		{B62115A8-E8F8-4325-AE1F-5299AEF5D104}.Debug|ARM64.ActiveCfg = Debug|Any CPU
		{B62115A8-E8F8-4325-AE1F-5299AEF5D104}.Debug|ARM64.Build.0 = Debug|Any CPU
		{B62115A8-E8F8-4325-AE1F-5299AEF5D104}.Debug|x64.ActiveCfg = Debug|Any CPU
		{B62115A8-E8F8-4325-AE1F-5299AEF5D104}.Debug|x64.Build.0 = Debug|Any CPU
		{B62115A8-E8F8-4325-AE1F-5299AEF5D104}.Debug|x86.ActiveCfg = Debug|Any CPU
		{B62115A8-E8F8-4325-AE1F-5299AEF5D104}.Debug|x86.Build.0 = Debug|Any CPU
		{B62115A8-E8F8-4325-AE1F-5299AEF5D104}.Release|Any CPU.ActiveCfg = Release|Any CPU
		{B62115A8-E8F8-4325-AE1F-5299AEF5D104}.Release|Any CPU.Build.0 = Release|Any CPU
		{B62115A8-E8F8-4325-AE1F-5299AEF5D104}.Release|ARM.ActiveCfg = Release|Any CPU
		{B62115A8-E8F8-4325-AE1F-5299AEF5D104}.Release|ARM.Build.0 = Release|Any CPU
		{B62115A8-E8F8-4325-AE1F-5299AEF5D104}.Release|ARM64.ActiveCfg = Release|Any CPU
		{B62115A8-E8F8-4325-AE1F-5299AEF5D104}.Release|ARM64.Build.0 = Release|Any CPU
		{B62115A8-E8F8-4325-AE1F-5299AEF5D104}.Release|x64.ActiveCfg = Release|Any CPU
		{B62115A8-E8F8-4325-AE1F-5299AEF5D104}.Release|x64.Build.0 = Release|Any CPU
		{B62115A8-E8F8-4325-AE1F-5299AEF5D104}.Release|x86.ActiveCfg = Release|Any CPU
		{B62115A8-E8F8-4325-AE1F-5299AEF5D104}.Release|x86.Build.0 = Release|Any CPU
		{51FCA1D7-E190-410C-AA58-9398B5F818B6}.Debug|Any CPU.ActiveCfg = Debug|Any CPU
		{51FCA1D7-E190-410C-AA58-9398B5F818B6}.Debug|Any CPU.Build.0 = Debug|Any CPU
		{51FCA1D7-E190-410C-AA58-9398B5F818B6}.Debug|ARM.ActiveCfg = Debug|Any CPU
		{51FCA1D7-E190-410C-AA58-9398B5F818B6}.Debug|ARM.Build.0 = Debug|Any CPU
		{51FCA1D7-E190-410C-AA58-9398B5F818B6}.Debug|ARM64.ActiveCfg = Debug|Any CPU
		{51FCA1D7-E190-410C-AA58-9398B5F818B6}.Debug|ARM64.Build.0 = Debug|Any CPU
		{51FCA1D7-E190-410C-AA58-9398B5F818B6}.Debug|x64.ActiveCfg = Debug|Any CPU
		{51FCA1D7-E190-410C-AA58-9398B5F818B6}.Debug|x64.Build.0 = Debug|Any CPU
		{51FCA1D7-E190-410C-AA58-9398B5F818B6}.Debug|x86.ActiveCfg = Debug|Any CPU
		{51FCA1D7-E190-410C-AA58-9398B5F818B6}.Debug|x86.Build.0 = Debug|Any CPU
		{51FCA1D7-E190-410C-AA58-9398B5F818B6}.Release|Any CPU.ActiveCfg = Release|Any CPU
		{51FCA1D7-E190-410C-AA58-9398B5F818B6}.Release|Any CPU.Build.0 = Release|Any CPU
		{51FCA1D7-E190-410C-AA58-9398B5F818B6}.Release|ARM.ActiveCfg = Release|Any CPU
		{51FCA1D7-E190-410C-AA58-9398B5F818B6}.Release|ARM.Build.0 = Release|Any CPU
		{51FCA1D7-E190-410C-AA58-9398B5F818B6}.Release|ARM64.ActiveCfg = Release|Any CPU
		{51FCA1D7-E190-410C-AA58-9398B5F818B6}.Release|ARM64.Build.0 = Release|Any CPU
		{51FCA1D7-E190-410C-AA58-9398B5F818B6}.Release|x64.ActiveCfg = Release|Any CPU
		{51FCA1D7-E190-410C-AA58-9398B5F818B6}.Release|x64.Build.0 = Release|Any CPU
		{51FCA1D7-E190-410C-AA58-9398B5F818B6}.Release|x86.ActiveCfg = Release|Any CPU
		{51FCA1D7-E190-410C-AA58-9398B5F818B6}.Release|x86.Build.0 = Release|Any CPU
		{45D13508-A4B3-4073-B79F-68957D1BB296}.Debug|Any CPU.ActiveCfg = Debug|Any CPU
		{45D13508-A4B3-4073-B79F-68957D1BB296}.Debug|Any CPU.Build.0 = Debug|Any CPU
		{45D13508-A4B3-4073-B79F-68957D1BB296}.Debug|ARM.ActiveCfg = Debug|Any CPU
		{45D13508-A4B3-4073-B79F-68957D1BB296}.Debug|ARM.Build.0 = Debug|Any CPU
		{45D13508-A4B3-4073-B79F-68957D1BB296}.Debug|ARM64.ActiveCfg = Debug|Any CPU
		{45D13508-A4B3-4073-B79F-68957D1BB296}.Debug|ARM64.Build.0 = Debug|Any CPU
		{45D13508-A4B3-4073-B79F-68957D1BB296}.Debug|x64.ActiveCfg = Debug|Any CPU
		{45D13508-A4B3-4073-B79F-68957D1BB296}.Debug|x64.Build.0 = Debug|Any CPU
		{45D13508-A4B3-4073-B79F-68957D1BB296}.Debug|x86.ActiveCfg = Debug|Any CPU
		{45D13508-A4B3-4073-B79F-68957D1BB296}.Debug|x86.Build.0 = Debug|Any CPU
		{45D13508-A4B3-4073-B79F-68957D1BB296}.Release|Any CPU.ActiveCfg = Release|Any CPU
		{45D13508-A4B3-4073-B79F-68957D1BB296}.Release|Any CPU.Build.0 = Release|Any CPU
		{45D13508-A4B3-4073-B79F-68957D1BB296}.Release|ARM.ActiveCfg = Release|Any CPU
		{45D13508-A4B3-4073-B79F-68957D1BB296}.Release|ARM.Build.0 = Release|Any CPU
		{45D13508-A4B3-4073-B79F-68957D1BB296}.Release|ARM64.ActiveCfg = Release|Any CPU
		{45D13508-A4B3-4073-B79F-68957D1BB296}.Release|ARM64.Build.0 = Release|Any CPU
		{45D13508-A4B3-4073-B79F-68957D1BB296}.Release|x64.ActiveCfg = Release|Any CPU
		{45D13508-A4B3-4073-B79F-68957D1BB296}.Release|x64.Build.0 = Release|Any CPU
		{45D13508-A4B3-4073-B79F-68957D1BB296}.Release|x86.ActiveCfg = Release|Any CPU
		{45D13508-A4B3-4073-B79F-68957D1BB296}.Release|x86.Build.0 = Release|Any CPU
		{E0C72B0C-F306-4B95-B1B1-8DCDEAFD5627}.Debug|Any CPU.ActiveCfg = Debug|Any CPU
		{E0C72B0C-F306-4B95-B1B1-8DCDEAFD5627}.Debug|Any CPU.Build.0 = Debug|Any CPU
		{E0C72B0C-F306-4B95-B1B1-8DCDEAFD5627}.Debug|ARM.ActiveCfg = Debug|Any CPU
		{E0C72B0C-F306-4B95-B1B1-8DCDEAFD5627}.Debug|ARM.Build.0 = Debug|Any CPU
		{E0C72B0C-F306-4B95-B1B1-8DCDEAFD5627}.Debug|ARM64.ActiveCfg = Debug|Any CPU
		{E0C72B0C-F306-4B95-B1B1-8DCDEAFD5627}.Debug|ARM64.Build.0 = Debug|Any CPU
		{E0C72B0C-F306-4B95-B1B1-8DCDEAFD5627}.Debug|x64.ActiveCfg = Debug|Any CPU
		{E0C72B0C-F306-4B95-B1B1-8DCDEAFD5627}.Debug|x64.Build.0 = Debug|Any CPU
		{E0C72B0C-F306-4B95-B1B1-8DCDEAFD5627}.Debug|x86.ActiveCfg = Debug|Any CPU
		{E0C72B0C-F306-4B95-B1B1-8DCDEAFD5627}.Debug|x86.Build.0 = Debug|Any CPU
		{E0C72B0C-F306-4B95-B1B1-8DCDEAFD5627}.Release|Any CPU.ActiveCfg = Release|Any CPU
		{E0C72B0C-F306-4B95-B1B1-8DCDEAFD5627}.Release|Any CPU.Build.0 = Release|Any CPU
		{E0C72B0C-F306-4B95-B1B1-8DCDEAFD5627}.Release|ARM.ActiveCfg = Release|Any CPU
		{E0C72B0C-F306-4B95-B1B1-8DCDEAFD5627}.Release|ARM.Build.0 = Release|Any CPU
		{E0C72B0C-F306-4B95-B1B1-8DCDEAFD5627}.Release|ARM64.ActiveCfg = Release|Any CPU
		{E0C72B0C-F306-4B95-B1B1-8DCDEAFD5627}.Release|ARM64.Build.0 = Release|Any CPU
		{E0C72B0C-F306-4B95-B1B1-8DCDEAFD5627}.Release|x64.ActiveCfg = Release|Any CPU
		{E0C72B0C-F306-4B95-B1B1-8DCDEAFD5627}.Release|x64.Build.0 = Release|Any CPU
		{E0C72B0C-F306-4B95-B1B1-8DCDEAFD5627}.Release|x86.ActiveCfg = Release|Any CPU
		{E0C72B0C-F306-4B95-B1B1-8DCDEAFD5627}.Release|x86.Build.0 = Release|Any CPU
		{78B7C021-0DA5-48CA-A1F0-20517D77CC37}.Debug|Any CPU.ActiveCfg = Debug|Any CPU
		{78B7C021-0DA5-48CA-A1F0-20517D77CC37}.Debug|Any CPU.Build.0 = Debug|Any CPU
		{78B7C021-0DA5-48CA-A1F0-20517D77CC37}.Debug|ARM.ActiveCfg = Debug|Any CPU
		{78B7C021-0DA5-48CA-A1F0-20517D77CC37}.Debug|ARM.Build.0 = Debug|Any CPU
		{78B7C021-0DA5-48CA-A1F0-20517D77CC37}.Debug|ARM64.ActiveCfg = Debug|Any CPU
		{78B7C021-0DA5-48CA-A1F0-20517D77CC37}.Debug|ARM64.Build.0 = Debug|Any CPU
		{78B7C021-0DA5-48CA-A1F0-20517D77CC37}.Debug|x64.ActiveCfg = Debug|Any CPU
		{78B7C021-0DA5-48CA-A1F0-20517D77CC37}.Debug|x64.Build.0 = Debug|Any CPU
		{78B7C021-0DA5-48CA-A1F0-20517D77CC37}.Debug|x86.ActiveCfg = Debug|Any CPU
		{78B7C021-0DA5-48CA-A1F0-20517D77CC37}.Debug|x86.Build.0 = Debug|Any CPU
		{78B7C021-0DA5-48CA-A1F0-20517D77CC37}.Release|Any CPU.ActiveCfg = Release|Any CPU
		{78B7C021-0DA5-48CA-A1F0-20517D77CC37}.Release|Any CPU.Build.0 = Release|Any CPU
		{78B7C021-0DA5-48CA-A1F0-20517D77CC37}.Release|ARM.ActiveCfg = Release|Any CPU
		{78B7C021-0DA5-48CA-A1F0-20517D77CC37}.Release|ARM.Build.0 = Release|Any CPU
		{78B7C021-0DA5-48CA-A1F0-20517D77CC37}.Release|ARM64.ActiveCfg = Release|Any CPU
		{78B7C021-0DA5-48CA-A1F0-20517D77CC37}.Release|ARM64.Build.0 = Release|Any CPU
		{78B7C021-0DA5-48CA-A1F0-20517D77CC37}.Release|x64.ActiveCfg = Release|Any CPU
		{78B7C021-0DA5-48CA-A1F0-20517D77CC37}.Release|x64.Build.0 = Release|Any CPU
		{78B7C021-0DA5-48CA-A1F0-20517D77CC37}.Release|x86.ActiveCfg = Release|Any CPU
		{78B7C021-0DA5-48CA-A1F0-20517D77CC37}.Release|x86.Build.0 = Release|Any CPU
		{B4DE2730-7879-41C9-A163-9CDC0307C75E}.Debug|Any CPU.ActiveCfg = Debug|Any CPU
		{B4DE2730-7879-41C9-A163-9CDC0307C75E}.Debug|Any CPU.Build.0 = Debug|Any CPU
		{B4DE2730-7879-41C9-A163-9CDC0307C75E}.Debug|ARM.ActiveCfg = Debug|Any CPU
		{B4DE2730-7879-41C9-A163-9CDC0307C75E}.Debug|ARM.Build.0 = Debug|Any CPU
		{B4DE2730-7879-41C9-A163-9CDC0307C75E}.Debug|ARM64.ActiveCfg = Debug|Any CPU
		{B4DE2730-7879-41C9-A163-9CDC0307C75E}.Debug|ARM64.Build.0 = Debug|Any CPU
		{B4DE2730-7879-41C9-A163-9CDC0307C75E}.Debug|x64.ActiveCfg = Debug|Any CPU
		{B4DE2730-7879-41C9-A163-9CDC0307C75E}.Debug|x64.Build.0 = Debug|Any CPU
		{B4DE2730-7879-41C9-A163-9CDC0307C75E}.Debug|x86.ActiveCfg = Debug|Any CPU
		{B4DE2730-7879-41C9-A163-9CDC0307C75E}.Debug|x86.Build.0 = Debug|Any CPU
		{B4DE2730-7879-41C9-A163-9CDC0307C75E}.Release|Any CPU.ActiveCfg = Release|Any CPU
		{B4DE2730-7879-41C9-A163-9CDC0307C75E}.Release|Any CPU.Build.0 = Release|Any CPU
		{B4DE2730-7879-41C9-A163-9CDC0307C75E}.Release|ARM.ActiveCfg = Release|Any CPU
		{B4DE2730-7879-41C9-A163-9CDC0307C75E}.Release|ARM.Build.0 = Release|Any CPU
		{B4DE2730-7879-41C9-A163-9CDC0307C75E}.Release|ARM64.ActiveCfg = Release|Any CPU
		{B4DE2730-7879-41C9-A163-9CDC0307C75E}.Release|ARM64.Build.0 = Release|Any CPU
		{B4DE2730-7879-41C9-A163-9CDC0307C75E}.Release|x64.ActiveCfg = Release|Any CPU
		{B4DE2730-7879-41C9-A163-9CDC0307C75E}.Release|x64.Build.0 = Release|Any CPU
		{B4DE2730-7879-41C9-A163-9CDC0307C75E}.Release|x86.ActiveCfg = Release|Any CPU
		{B4DE2730-7879-41C9-A163-9CDC0307C75E}.Release|x86.Build.0 = Release|Any CPU
		{38F64B0A-9DFE-486D-95CC-587180491688}.Debug|Any CPU.ActiveCfg = Debug|Any CPU
		{38F64B0A-9DFE-486D-95CC-587180491688}.Debug|Any CPU.Build.0 = Debug|Any CPU
		{38F64B0A-9DFE-486D-95CC-587180491688}.Debug|ARM.ActiveCfg = Debug|Any CPU
		{38F64B0A-9DFE-486D-95CC-587180491688}.Debug|ARM.Build.0 = Debug|Any CPU
		{38F64B0A-9DFE-486D-95CC-587180491688}.Debug|ARM64.ActiveCfg = Debug|Any CPU
		{38F64B0A-9DFE-486D-95CC-587180491688}.Debug|ARM64.Build.0 = Debug|Any CPU
		{38F64B0A-9DFE-486D-95CC-587180491688}.Debug|x64.ActiveCfg = Debug|Any CPU
		{38F64B0A-9DFE-486D-95CC-587180491688}.Debug|x64.Build.0 = Debug|Any CPU
		{38F64B0A-9DFE-486D-95CC-587180491688}.Debug|x86.ActiveCfg = Debug|Any CPU
		{38F64B0A-9DFE-486D-95CC-587180491688}.Debug|x86.Build.0 = Debug|Any CPU
		{38F64B0A-9DFE-486D-95CC-587180491688}.Release|Any CPU.ActiveCfg = Release|Any CPU
		{38F64B0A-9DFE-486D-95CC-587180491688}.Release|Any CPU.Build.0 = Release|Any CPU
		{38F64B0A-9DFE-486D-95CC-587180491688}.Release|ARM.ActiveCfg = Release|Any CPU
		{38F64B0A-9DFE-486D-95CC-587180491688}.Release|ARM.Build.0 = Release|Any CPU
		{38F64B0A-9DFE-486D-95CC-587180491688}.Release|ARM64.ActiveCfg = Release|Any CPU
		{38F64B0A-9DFE-486D-95CC-587180491688}.Release|ARM64.Build.0 = Release|Any CPU
		{38F64B0A-9DFE-486D-95CC-587180491688}.Release|x64.ActiveCfg = Release|Any CPU
		{38F64B0A-9DFE-486D-95CC-587180491688}.Release|x64.Build.0 = Release|Any CPU
		{38F64B0A-9DFE-486D-95CC-587180491688}.Release|x86.ActiveCfg = Release|Any CPU
		{38F64B0A-9DFE-486D-95CC-587180491688}.Release|x86.Build.0 = Release|Any CPU
		{038CF6B1-91C7-4BC8-83ED-79A83E61931E}.Debug|Any CPU.ActiveCfg = Debug|Any CPU
		{038CF6B1-91C7-4BC8-83ED-79A83E61931E}.Debug|Any CPU.Build.0 = Debug|Any CPU
		{038CF6B1-91C7-4BC8-83ED-79A83E61931E}.Debug|ARM.ActiveCfg = Debug|Any CPU
		{038CF6B1-91C7-4BC8-83ED-79A83E61931E}.Debug|ARM.Build.0 = Debug|Any CPU
		{038CF6B1-91C7-4BC8-83ED-79A83E61931E}.Debug|ARM64.ActiveCfg = Debug|Any CPU
		{038CF6B1-91C7-4BC8-83ED-79A83E61931E}.Debug|ARM64.Build.0 = Debug|Any CPU
		{038CF6B1-91C7-4BC8-83ED-79A83E61931E}.Debug|x64.ActiveCfg = Debug|Any CPU
		{038CF6B1-91C7-4BC8-83ED-79A83E61931E}.Debug|x64.Build.0 = Debug|Any CPU
		{038CF6B1-91C7-4BC8-83ED-79A83E61931E}.Debug|x86.ActiveCfg = Debug|Any CPU
		{038CF6B1-91C7-4BC8-83ED-79A83E61931E}.Debug|x86.Build.0 = Debug|Any CPU
		{038CF6B1-91C7-4BC8-83ED-79A83E61931E}.Release|Any CPU.ActiveCfg = Release|Any CPU
		{038CF6B1-91C7-4BC8-83ED-79A83E61931E}.Release|Any CPU.Build.0 = Release|Any CPU
		{038CF6B1-91C7-4BC8-83ED-79A83E61931E}.Release|ARM.ActiveCfg = Release|Any CPU
		{038CF6B1-91C7-4BC8-83ED-79A83E61931E}.Release|ARM.Build.0 = Release|Any CPU
		{038CF6B1-91C7-4BC8-83ED-79A83E61931E}.Release|ARM64.ActiveCfg = Release|Any CPU
		{038CF6B1-91C7-4BC8-83ED-79A83E61931E}.Release|ARM64.Build.0 = Release|Any CPU
		{038CF6B1-91C7-4BC8-83ED-79A83E61931E}.Release|x64.ActiveCfg = Release|Any CPU
		{038CF6B1-91C7-4BC8-83ED-79A83E61931E}.Release|x64.Build.0 = Release|Any CPU
		{038CF6B1-91C7-4BC8-83ED-79A83E61931E}.Release|x86.ActiveCfg = Release|Any CPU
		{038CF6B1-91C7-4BC8-83ED-79A83E61931E}.Release|x86.Build.0 = Release|Any CPU
		{00CDC276-B91C-4E05-9511-26C6B3FB1F42}.Debug|Any CPU.ActiveCfg = Debug|Any CPU
		{00CDC276-B91C-4E05-9511-26C6B3FB1F42}.Debug|Any CPU.Build.0 = Debug|Any CPU
		{00CDC276-B91C-4E05-9511-26C6B3FB1F42}.Debug|ARM.ActiveCfg = Debug|Any CPU
		{00CDC276-B91C-4E05-9511-26C6B3FB1F42}.Debug|ARM.Build.0 = Debug|Any CPU
		{00CDC276-B91C-4E05-9511-26C6B3FB1F42}.Debug|ARM64.ActiveCfg = Debug|Any CPU
		{00CDC276-B91C-4E05-9511-26C6B3FB1F42}.Debug|ARM64.Build.0 = Debug|Any CPU
		{00CDC276-B91C-4E05-9511-26C6B3FB1F42}.Debug|x64.ActiveCfg = Debug|Any CPU
		{00CDC276-B91C-4E05-9511-26C6B3FB1F42}.Debug|x64.Build.0 = Debug|Any CPU
		{00CDC276-B91C-4E05-9511-26C6B3FB1F42}.Debug|x86.ActiveCfg = Debug|Any CPU
		{00CDC276-B91C-4E05-9511-26C6B3FB1F42}.Debug|x86.Build.0 = Debug|Any CPU
		{00CDC276-B91C-4E05-9511-26C6B3FB1F42}.Release|Any CPU.ActiveCfg = Release|Any CPU
		{00CDC276-B91C-4E05-9511-26C6B3FB1F42}.Release|Any CPU.Build.0 = Release|Any CPU
		{00CDC276-B91C-4E05-9511-26C6B3FB1F42}.Release|ARM.ActiveCfg = Release|Any CPU
		{00CDC276-B91C-4E05-9511-26C6B3FB1F42}.Release|ARM.Build.0 = Release|Any CPU
		{00CDC276-B91C-4E05-9511-26C6B3FB1F42}.Release|ARM64.ActiveCfg = Release|Any CPU
		{00CDC276-B91C-4E05-9511-26C6B3FB1F42}.Release|ARM64.Build.0 = Release|Any CPU
		{00CDC276-B91C-4E05-9511-26C6B3FB1F42}.Release|x64.ActiveCfg = Release|Any CPU
		{00CDC276-B91C-4E05-9511-26C6B3FB1F42}.Release|x64.Build.0 = Release|Any CPU
		{00CDC276-B91C-4E05-9511-26C6B3FB1F42}.Release|x86.ActiveCfg = Release|Any CPU
		{00CDC276-B91C-4E05-9511-26C6B3FB1F42}.Release|x86.Build.0 = Release|Any CPU
		{D3963EED-A21B-41C2-B559-7E087DE2AD8B}.Debug|Any CPU.ActiveCfg = Debug|Any CPU
		{D3963EED-A21B-41C2-B559-7E087DE2AD8B}.Debug|Any CPU.Build.0 = Debug|Any CPU
		{D3963EED-A21B-41C2-B559-7E087DE2AD8B}.Debug|ARM.ActiveCfg = Debug|Any CPU
		{D3963EED-A21B-41C2-B559-7E087DE2AD8B}.Debug|ARM.Build.0 = Debug|Any CPU
		{D3963EED-A21B-41C2-B559-7E087DE2AD8B}.Debug|ARM64.ActiveCfg = Debug|Any CPU
		{D3963EED-A21B-41C2-B559-7E087DE2AD8B}.Debug|ARM64.Build.0 = Debug|Any CPU
		{D3963EED-A21B-41C2-B559-7E087DE2AD8B}.Debug|x64.ActiveCfg = Debug|Any CPU
		{D3963EED-A21B-41C2-B559-7E087DE2AD8B}.Debug|x64.Build.0 = Debug|Any CPU
		{D3963EED-A21B-41C2-B559-7E087DE2AD8B}.Debug|x86.ActiveCfg = Debug|Any CPU
		{D3963EED-A21B-41C2-B559-7E087DE2AD8B}.Debug|x86.Build.0 = Debug|Any CPU
		{D3963EED-A21B-41C2-B559-7E087DE2AD8B}.Release|Any CPU.ActiveCfg = Release|Any CPU
		{D3963EED-A21B-41C2-B559-7E087DE2AD8B}.Release|Any CPU.Build.0 = Release|Any CPU
		{D3963EED-A21B-41C2-B559-7E087DE2AD8B}.Release|ARM.ActiveCfg = Release|Any CPU
		{D3963EED-A21B-41C2-B559-7E087DE2AD8B}.Release|ARM.Build.0 = Release|Any CPU
		{D3963EED-A21B-41C2-B559-7E087DE2AD8B}.Release|ARM64.ActiveCfg = Release|Any CPU
		{D3963EED-A21B-41C2-B559-7E087DE2AD8B}.Release|ARM64.Build.0 = Release|Any CPU
		{D3963EED-A21B-41C2-B559-7E087DE2AD8B}.Release|x64.ActiveCfg = Release|Any CPU
		{D3963EED-A21B-41C2-B559-7E087DE2AD8B}.Release|x64.Build.0 = Release|Any CPU
		{D3963EED-A21B-41C2-B559-7E087DE2AD8B}.Release|x86.ActiveCfg = Release|Any CPU
		{D3963EED-A21B-41C2-B559-7E087DE2AD8B}.Release|x86.Build.0 = Release|Any CPU
		{22CF8071-2221-4713-BD31-B28875802CE0}.Debug|Any CPU.ActiveCfg = Debug|Any CPU
		{22CF8071-2221-4713-BD31-B28875802CE0}.Debug|Any CPU.Build.0 = Debug|Any CPU
		{22CF8071-2221-4713-BD31-B28875802CE0}.Debug|ARM.ActiveCfg = Debug|Any CPU
		{22CF8071-2221-4713-BD31-B28875802CE0}.Debug|ARM.Build.0 = Debug|Any CPU
		{22CF8071-2221-4713-BD31-B28875802CE0}.Debug|ARM64.ActiveCfg = Debug|Any CPU
		{22CF8071-2221-4713-BD31-B28875802CE0}.Debug|ARM64.Build.0 = Debug|Any CPU
		{22CF8071-2221-4713-BD31-B28875802CE0}.Debug|x64.ActiveCfg = Debug|Any CPU
		{22CF8071-2221-4713-BD31-B28875802CE0}.Debug|x64.Build.0 = Debug|Any CPU
		{22CF8071-2221-4713-BD31-B28875802CE0}.Debug|x86.ActiveCfg = Debug|Any CPU
		{22CF8071-2221-4713-BD31-B28875802CE0}.Debug|x86.Build.0 = Debug|Any CPU
		{22CF8071-2221-4713-BD31-B28875802CE0}.Release|Any CPU.ActiveCfg = Release|Any CPU
		{22CF8071-2221-4713-BD31-B28875802CE0}.Release|Any CPU.Build.0 = Release|Any CPU
		{22CF8071-2221-4713-BD31-B28875802CE0}.Release|ARM.ActiveCfg = Release|Any CPU
		{22CF8071-2221-4713-BD31-B28875802CE0}.Release|ARM.Build.0 = Release|Any CPU
		{22CF8071-2221-4713-BD31-B28875802CE0}.Release|ARM64.ActiveCfg = Release|Any CPU
		{22CF8071-2221-4713-BD31-B28875802CE0}.Release|ARM64.Build.0 = Release|Any CPU
		{22CF8071-2221-4713-BD31-B28875802CE0}.Release|x64.ActiveCfg = Release|Any CPU
		{22CF8071-2221-4713-BD31-B28875802CE0}.Release|x64.Build.0 = Release|Any CPU
		{22CF8071-2221-4713-BD31-B28875802CE0}.Release|x86.ActiveCfg = Release|Any CPU
		{22CF8071-2221-4713-BD31-B28875802CE0}.Release|x86.Build.0 = Release|Any CPU
		{4C4CEFCC-FD7C-4891-BA06-BC7264087F8A}.Debug|Any CPU.ActiveCfg = Debug|Any CPU
		{4C4CEFCC-FD7C-4891-BA06-BC7264087F8A}.Debug|Any CPU.Build.0 = Debug|Any CPU
		{4C4CEFCC-FD7C-4891-BA06-BC7264087F8A}.Debug|ARM.ActiveCfg = Debug|Any CPU
		{4C4CEFCC-FD7C-4891-BA06-BC7264087F8A}.Debug|ARM.Build.0 = Debug|Any CPU
		{4C4CEFCC-FD7C-4891-BA06-BC7264087F8A}.Debug|ARM64.ActiveCfg = Debug|Any CPU
		{4C4CEFCC-FD7C-4891-BA06-BC7264087F8A}.Debug|ARM64.Build.0 = Debug|Any CPU
		{4C4CEFCC-FD7C-4891-BA06-BC7264087F8A}.Debug|x64.ActiveCfg = Debug|Any CPU
		{4C4CEFCC-FD7C-4891-BA06-BC7264087F8A}.Debug|x64.Build.0 = Debug|Any CPU
		{4C4CEFCC-FD7C-4891-BA06-BC7264087F8A}.Debug|x86.ActiveCfg = Debug|Any CPU
		{4C4CEFCC-FD7C-4891-BA06-BC7264087F8A}.Debug|x86.Build.0 = Debug|Any CPU
		{4C4CEFCC-FD7C-4891-BA06-BC7264087F8A}.Release|Any CPU.ActiveCfg = Release|Any CPU
		{4C4CEFCC-FD7C-4891-BA06-BC7264087F8A}.Release|Any CPU.Build.0 = Release|Any CPU
		{4C4CEFCC-FD7C-4891-BA06-BC7264087F8A}.Release|ARM.ActiveCfg = Release|Any CPU
		{4C4CEFCC-FD7C-4891-BA06-BC7264087F8A}.Release|ARM.Build.0 = Release|Any CPU
		{4C4CEFCC-FD7C-4891-BA06-BC7264087F8A}.Release|ARM64.ActiveCfg = Release|Any CPU
		{4C4CEFCC-FD7C-4891-BA06-BC7264087F8A}.Release|ARM64.Build.0 = Release|Any CPU
		{4C4CEFCC-FD7C-4891-BA06-BC7264087F8A}.Release|x64.ActiveCfg = Release|Any CPU
		{4C4CEFCC-FD7C-4891-BA06-BC7264087F8A}.Release|x64.Build.0 = Release|Any CPU
		{4C4CEFCC-FD7C-4891-BA06-BC7264087F8A}.Release|x86.ActiveCfg = Release|Any CPU
		{4C4CEFCC-FD7C-4891-BA06-BC7264087F8A}.Release|x86.Build.0 = Release|Any CPU
		{B2AC0A72-CFEA-4593-84E5-DD70CCC2A489}.Debug|Any CPU.ActiveCfg = Debug|Any CPU
		{B2AC0A72-CFEA-4593-84E5-DD70CCC2A489}.Debug|Any CPU.Build.0 = Debug|Any CPU
		{B2AC0A72-CFEA-4593-84E5-DD70CCC2A489}.Debug|ARM.ActiveCfg = Debug|Any CPU
		{B2AC0A72-CFEA-4593-84E5-DD70CCC2A489}.Debug|ARM.Build.0 = Debug|Any CPU
		{B2AC0A72-CFEA-4593-84E5-DD70CCC2A489}.Debug|ARM64.ActiveCfg = Debug|Any CPU
		{B2AC0A72-CFEA-4593-84E5-DD70CCC2A489}.Debug|ARM64.Build.0 = Debug|Any CPU
		{B2AC0A72-CFEA-4593-84E5-DD70CCC2A489}.Debug|x64.ActiveCfg = Debug|Any CPU
		{B2AC0A72-CFEA-4593-84E5-DD70CCC2A489}.Debug|x64.Build.0 = Debug|Any CPU
		{B2AC0A72-CFEA-4593-84E5-DD70CCC2A489}.Debug|x86.ActiveCfg = Debug|Any CPU
		{B2AC0A72-CFEA-4593-84E5-DD70CCC2A489}.Debug|x86.Build.0 = Debug|Any CPU
		{B2AC0A72-CFEA-4593-84E5-DD70CCC2A489}.Release|Any CPU.ActiveCfg = Release|Any CPU
		{B2AC0A72-CFEA-4593-84E5-DD70CCC2A489}.Release|Any CPU.Build.0 = Release|Any CPU
		{B2AC0A72-CFEA-4593-84E5-DD70CCC2A489}.Release|ARM.ActiveCfg = Release|Any CPU
		{B2AC0A72-CFEA-4593-84E5-DD70CCC2A489}.Release|ARM.Build.0 = Release|Any CPU
		{B2AC0A72-CFEA-4593-84E5-DD70CCC2A489}.Release|ARM64.ActiveCfg = Release|Any CPU
		{B2AC0A72-CFEA-4593-84E5-DD70CCC2A489}.Release|ARM64.Build.0 = Release|Any CPU
		{B2AC0A72-CFEA-4593-84E5-DD70CCC2A489}.Release|x64.ActiveCfg = Release|Any CPU
		{B2AC0A72-CFEA-4593-84E5-DD70CCC2A489}.Release|x64.Build.0 = Release|Any CPU
		{B2AC0A72-CFEA-4593-84E5-DD70CCC2A489}.Release|x86.ActiveCfg = Release|Any CPU
		{B2AC0A72-CFEA-4593-84E5-DD70CCC2A489}.Release|x86.Build.0 = Release|Any CPU
		{6F70395A-EBD7-4651-B9EB-A6ADD19C679C}.Debug|Any CPU.ActiveCfg = Debug|Any CPU
		{6F70395A-EBD7-4651-B9EB-A6ADD19C679C}.Debug|Any CPU.Build.0 = Debug|Any CPU
		{6F70395A-EBD7-4651-B9EB-A6ADD19C679C}.Debug|ARM.ActiveCfg = Debug|Any CPU
		{6F70395A-EBD7-4651-B9EB-A6ADD19C679C}.Debug|ARM.Build.0 = Debug|Any CPU
		{6F70395A-EBD7-4651-B9EB-A6ADD19C679C}.Debug|ARM64.ActiveCfg = Debug|Any CPU
		{6F70395A-EBD7-4651-B9EB-A6ADD19C679C}.Debug|ARM64.Build.0 = Debug|Any CPU
		{6F70395A-EBD7-4651-B9EB-A6ADD19C679C}.Debug|x64.ActiveCfg = Debug|Any CPU
		{6F70395A-EBD7-4651-B9EB-A6ADD19C679C}.Debug|x64.Build.0 = Debug|Any CPU
		{6F70395A-EBD7-4651-B9EB-A6ADD19C679C}.Debug|x86.ActiveCfg = Debug|Any CPU
		{6F70395A-EBD7-4651-B9EB-A6ADD19C679C}.Debug|x86.Build.0 = Debug|Any CPU
		{6F70395A-EBD7-4651-B9EB-A6ADD19C679C}.Release|Any CPU.ActiveCfg = Release|Any CPU
		{6F70395A-EBD7-4651-B9EB-A6ADD19C679C}.Release|Any CPU.Build.0 = Release|Any CPU
		{6F70395A-EBD7-4651-B9EB-A6ADD19C679C}.Release|ARM.ActiveCfg = Release|Any CPU
		{6F70395A-EBD7-4651-B9EB-A6ADD19C679C}.Release|ARM.Build.0 = Release|Any CPU
		{6F70395A-EBD7-4651-B9EB-A6ADD19C679C}.Release|ARM64.ActiveCfg = Release|Any CPU
		{6F70395A-EBD7-4651-B9EB-A6ADD19C679C}.Release|ARM64.Build.0 = Release|Any CPU
		{6F70395A-EBD7-4651-B9EB-A6ADD19C679C}.Release|x64.ActiveCfg = Release|Any CPU
		{6F70395A-EBD7-4651-B9EB-A6ADD19C679C}.Release|x64.Build.0 = Release|Any CPU
		{6F70395A-EBD7-4651-B9EB-A6ADD19C679C}.Release|x86.ActiveCfg = Release|Any CPU
		{6F70395A-EBD7-4651-B9EB-A6ADD19C679C}.Release|x86.Build.0 = Release|Any CPU
		{DC0E02D2-D53B-42E3-BC64-25A391637910}.Debug|Any CPU.ActiveCfg = Debug|Any CPU
		{DC0E02D2-D53B-42E3-BC64-25A391637910}.Debug|Any CPU.Build.0 = Debug|Any CPU
		{DC0E02D2-D53B-42E3-BC64-25A391637910}.Debug|ARM.ActiveCfg = Debug|Any CPU
		{DC0E02D2-D53B-42E3-BC64-25A391637910}.Debug|ARM.Build.0 = Debug|Any CPU
		{DC0E02D2-D53B-42E3-BC64-25A391637910}.Debug|ARM64.ActiveCfg = Debug|Any CPU
		{DC0E02D2-D53B-42E3-BC64-25A391637910}.Debug|ARM64.Build.0 = Debug|Any CPU
		{DC0E02D2-D53B-42E3-BC64-25A391637910}.Debug|x64.ActiveCfg = Debug|Any CPU
		{DC0E02D2-D53B-42E3-BC64-25A391637910}.Debug|x64.Build.0 = Debug|Any CPU
		{DC0E02D2-D53B-42E3-BC64-25A391637910}.Debug|x86.ActiveCfg = Debug|Any CPU
		{DC0E02D2-D53B-42E3-BC64-25A391637910}.Debug|x86.Build.0 = Debug|Any CPU
		{DC0E02D2-D53B-42E3-BC64-25A391637910}.Release|Any CPU.ActiveCfg = Release|Any CPU
		{DC0E02D2-D53B-42E3-BC64-25A391637910}.Release|Any CPU.Build.0 = Release|Any CPU
		{DC0E02D2-D53B-42E3-BC64-25A391637910}.Release|ARM.ActiveCfg = Release|Any CPU
		{DC0E02D2-D53B-42E3-BC64-25A391637910}.Release|ARM.Build.0 = Release|Any CPU
		{DC0E02D2-D53B-42E3-BC64-25A391637910}.Release|ARM64.ActiveCfg = Release|Any CPU
		{DC0E02D2-D53B-42E3-BC64-25A391637910}.Release|ARM64.Build.0 = Release|Any CPU
		{DC0E02D2-D53B-42E3-BC64-25A391637910}.Release|x64.ActiveCfg = Release|Any CPU
		{DC0E02D2-D53B-42E3-BC64-25A391637910}.Release|x64.Build.0 = Release|Any CPU
		{DC0E02D2-D53B-42E3-BC64-25A391637910}.Release|x86.ActiveCfg = Release|Any CPU
		{DC0E02D2-D53B-42E3-BC64-25A391637910}.Release|x86.Build.0 = Release|Any CPU
		{0138406A-3B92-4111-93FC-54FDC50416D1}.Debug|Any CPU.ActiveCfg = Debug|x64
		{0138406A-3B92-4111-93FC-54FDC50416D1}.Debug|Any CPU.Build.0 = Debug|x64
		{0138406A-3B92-4111-93FC-54FDC50416D1}.Debug|ARM.ActiveCfg = Debug|x64
		{0138406A-3B92-4111-93FC-54FDC50416D1}.Debug|ARM.Build.0 = Debug|x64
		{0138406A-3B92-4111-93FC-54FDC50416D1}.Debug|ARM64.ActiveCfg = Debug|x64
		{0138406A-3B92-4111-93FC-54FDC50416D1}.Debug|ARM64.Build.0 = Debug|x64
		{0138406A-3B92-4111-93FC-54FDC50416D1}.Debug|x64.ActiveCfg = Debug|x64
		{0138406A-3B92-4111-93FC-54FDC50416D1}.Debug|x64.Build.0 = Debug|x64
		{0138406A-3B92-4111-93FC-54FDC50416D1}.Debug|x86.ActiveCfg = Debug|Win32
		{0138406A-3B92-4111-93FC-54FDC50416D1}.Debug|x86.Build.0 = Debug|Win32
		{0138406A-3B92-4111-93FC-54FDC50416D1}.Release|Any CPU.ActiveCfg = Release|x64
		{0138406A-3B92-4111-93FC-54FDC50416D1}.Release|Any CPU.Build.0 = Release|x64
		{0138406A-3B92-4111-93FC-54FDC50416D1}.Release|ARM.ActiveCfg = Release|x64
		{0138406A-3B92-4111-93FC-54FDC50416D1}.Release|ARM.Build.0 = Release|x64
		{0138406A-3B92-4111-93FC-54FDC50416D1}.Release|ARM64.ActiveCfg = Release|x64
		{0138406A-3B92-4111-93FC-54FDC50416D1}.Release|ARM64.Build.0 = Release|x64
		{0138406A-3B92-4111-93FC-54FDC50416D1}.Release|x64.ActiveCfg = Release|x64
		{0138406A-3B92-4111-93FC-54FDC50416D1}.Release|x64.Build.0 = Release|x64
		{0138406A-3B92-4111-93FC-54FDC50416D1}.Release|x86.ActiveCfg = Release|Win32
		{0138406A-3B92-4111-93FC-54FDC50416D1}.Release|x86.Build.0 = Release|Win32
		{3C74E203-AB1E-4B72-AAB8-5761FCDF3478}.Debug|Any CPU.ActiveCfg = Debug|x64
		{3C74E203-AB1E-4B72-AAB8-5761FCDF3478}.Debug|Any CPU.Build.0 = Debug|x64
		{3C74E203-AB1E-4B72-AAB8-5761FCDF3478}.Debug|Any CPU.Deploy.0 = Debug|x64
		{3C74E203-AB1E-4B72-AAB8-5761FCDF3478}.Debug|ARM.ActiveCfg = Debug|ARM
		{3C74E203-AB1E-4B72-AAB8-5761FCDF3478}.Debug|ARM.Build.0 = Debug|ARM
		{3C74E203-AB1E-4B72-AAB8-5761FCDF3478}.Debug|ARM.Deploy.0 = Debug|ARM
		{3C74E203-AB1E-4B72-AAB8-5761FCDF3478}.Debug|ARM64.ActiveCfg = Debug|ARM64
		{3C74E203-AB1E-4B72-AAB8-5761FCDF3478}.Debug|ARM64.Build.0 = Debug|ARM64
		{3C74E203-AB1E-4B72-AAB8-5761FCDF3478}.Debug|ARM64.Deploy.0 = Debug|ARM64
		{3C74E203-AB1E-4B72-AAB8-5761FCDF3478}.Debug|x64.ActiveCfg = Debug|x64
		{3C74E203-AB1E-4B72-AAB8-5761FCDF3478}.Debug|x64.Build.0 = Debug|x64
		{3C74E203-AB1E-4B72-AAB8-5761FCDF3478}.Debug|x64.Deploy.0 = Debug|x64
		{3C74E203-AB1E-4B72-AAB8-5761FCDF3478}.Debug|x86.ActiveCfg = Debug|x86
		{3C74E203-AB1E-4B72-AAB8-5761FCDF3478}.Debug|x86.Build.0 = Debug|x86
		{3C74E203-AB1E-4B72-AAB8-5761FCDF3478}.Debug|x86.Deploy.0 = Debug|x86
		{3C74E203-AB1E-4B72-AAB8-5761FCDF3478}.Release|Any CPU.ActiveCfg = Release|x64
		{3C74E203-AB1E-4B72-AAB8-5761FCDF3478}.Release|Any CPU.Build.0 = Release|x64
		{3C74E203-AB1E-4B72-AAB8-5761FCDF3478}.Release|Any CPU.Deploy.0 = Release|x64
		{3C74E203-AB1E-4B72-AAB8-5761FCDF3478}.Release|ARM.ActiveCfg = Release|ARM
		{3C74E203-AB1E-4B72-AAB8-5761FCDF3478}.Release|ARM.Build.0 = Release|ARM
		{3C74E203-AB1E-4B72-AAB8-5761FCDF3478}.Release|ARM.Deploy.0 = Release|ARM
		{3C74E203-AB1E-4B72-AAB8-5761FCDF3478}.Release|ARM64.ActiveCfg = Release|ARM64
		{3C74E203-AB1E-4B72-AAB8-5761FCDF3478}.Release|ARM64.Build.0 = Release|ARM64
		{3C74E203-AB1E-4B72-AAB8-5761FCDF3478}.Release|ARM64.Deploy.0 = Release|ARM64
		{3C74E203-AB1E-4B72-AAB8-5761FCDF3478}.Release|x64.ActiveCfg = Release|x64
		{3C74E203-AB1E-4B72-AAB8-5761FCDF3478}.Release|x64.Build.0 = Release|x64
		{3C74E203-AB1E-4B72-AAB8-5761FCDF3478}.Release|x64.Deploy.0 = Release|x64
		{3C74E203-AB1E-4B72-AAB8-5761FCDF3478}.Release|x86.ActiveCfg = Release|x86
		{3C74E203-AB1E-4B72-AAB8-5761FCDF3478}.Release|x86.Build.0 = Release|x86
		{3C74E203-AB1E-4B72-AAB8-5761FCDF3478}.Release|x86.Deploy.0 = Release|x86
		{1C172B74-351F-403F-90D0-E857515B2BB7}.Debug|Any CPU.ActiveCfg = Debug|ARM
		{1C172B74-351F-403F-90D0-E857515B2BB7}.Debug|Any CPU.Build.0 = Debug|ARM
		{1C172B74-351F-403F-90D0-E857515B2BB7}.Debug|Any CPU.Deploy.0 = Debug|ARM
		{1C172B74-351F-403F-90D0-E857515B2BB7}.Debug|ARM.ActiveCfg = Debug|ARM
		{1C172B74-351F-403F-90D0-E857515B2BB7}.Debug|ARM.Build.0 = Debug|ARM
		{1C172B74-351F-403F-90D0-E857515B2BB7}.Debug|ARM.Deploy.0 = Debug|ARM
		{1C172B74-351F-403F-90D0-E857515B2BB7}.Debug|ARM64.ActiveCfg = Debug|ARM64
		{1C172B74-351F-403F-90D0-E857515B2BB7}.Debug|ARM64.Build.0 = Debug|ARM64
		{1C172B74-351F-403F-90D0-E857515B2BB7}.Debug|ARM64.Deploy.0 = Debug|ARM64
		{1C172B74-351F-403F-90D0-E857515B2BB7}.Debug|x64.ActiveCfg = Debug|ARM
		{1C172B74-351F-403F-90D0-E857515B2BB7}.Debug|x64.Build.0 = Debug|ARM
		{1C172B74-351F-403F-90D0-E857515B2BB7}.Debug|x64.Deploy.0 = Debug|ARM
		{1C172B74-351F-403F-90D0-E857515B2BB7}.Debug|x86.ActiveCfg = Debug|ARM
		{1C172B74-351F-403F-90D0-E857515B2BB7}.Debug|x86.Build.0 = Debug|ARM
		{1C172B74-351F-403F-90D0-E857515B2BB7}.Debug|x86.Deploy.0 = Debug|ARM
		{1C172B74-351F-403F-90D0-E857515B2BB7}.Release|Any CPU.ActiveCfg = Release|ARM
		{1C172B74-351F-403F-90D0-E857515B2BB7}.Release|Any CPU.Build.0 = Release|ARM
		{1C172B74-351F-403F-90D0-E857515B2BB7}.Release|Any CPU.Deploy.0 = Release|ARM
		{1C172B74-351F-403F-90D0-E857515B2BB7}.Release|ARM.ActiveCfg = Release|ARM
		{1C172B74-351F-403F-90D0-E857515B2BB7}.Release|ARM.Build.0 = Release|ARM
		{1C172B74-351F-403F-90D0-E857515B2BB7}.Release|ARM.Deploy.0 = Release|ARM
		{1C172B74-351F-403F-90D0-E857515B2BB7}.Release|ARM64.ActiveCfg = Release|ARM64
		{1C172B74-351F-403F-90D0-E857515B2BB7}.Release|ARM64.Build.0 = Release|ARM64
		{1C172B74-351F-403F-90D0-E857515B2BB7}.Release|ARM64.Deploy.0 = Release|ARM64
		{1C172B74-351F-403F-90D0-E857515B2BB7}.Release|x64.ActiveCfg = Release|ARM
		{1C172B74-351F-403F-90D0-E857515B2BB7}.Release|x64.Build.0 = Release|ARM
		{1C172B74-351F-403F-90D0-E857515B2BB7}.Release|x64.Deploy.0 = Release|ARM
		{1C172B74-351F-403F-90D0-E857515B2BB7}.Release|x86.ActiveCfg = Release|ARM
		{1C172B74-351F-403F-90D0-E857515B2BB7}.Release|x86.Build.0 = Release|ARM
		{1C172B74-351F-403F-90D0-E857515B2BB7}.Release|x86.Deploy.0 = Release|ARM
		{3CC1C1F3-CBC7-4F50-B333-ECA7014C268F}.Debug|Any CPU.ActiveCfg = Debug|x64
		{3CC1C1F3-CBC7-4F50-B333-ECA7014C268F}.Debug|Any CPU.Build.0 = Debug|x64
		{3CC1C1F3-CBC7-4F50-B333-ECA7014C268F}.Debug|ARM.ActiveCfg = Debug|x64
		{3CC1C1F3-CBC7-4F50-B333-ECA7014C268F}.Debug|ARM.Build.0 = Debug|x64
		{3CC1C1F3-CBC7-4F50-B333-ECA7014C268F}.Debug|ARM64.ActiveCfg = Debug|x64
		{3CC1C1F3-CBC7-4F50-B333-ECA7014C268F}.Debug|ARM64.Build.0 = Debug|x64
		{3CC1C1F3-CBC7-4F50-B333-ECA7014C268F}.Debug|x64.ActiveCfg = Debug|x64
		{3CC1C1F3-CBC7-4F50-B333-ECA7014C268F}.Debug|x64.Build.0 = Debug|x64
		{3CC1C1F3-CBC7-4F50-B333-ECA7014C268F}.Debug|x86.ActiveCfg = Debug|Win32
		{3CC1C1F3-CBC7-4F50-B333-ECA7014C268F}.Debug|x86.Build.0 = Debug|Win32
		{3CC1C1F3-CBC7-4F50-B333-ECA7014C268F}.Release|Any CPU.ActiveCfg = Release|x64
		{3CC1C1F3-CBC7-4F50-B333-ECA7014C268F}.Release|Any CPU.Build.0 = Release|x64
		{3CC1C1F3-CBC7-4F50-B333-ECA7014C268F}.Release|ARM.ActiveCfg = Release|x64
		{3CC1C1F3-CBC7-4F50-B333-ECA7014C268F}.Release|ARM.Build.0 = Release|x64
		{3CC1C1F3-CBC7-4F50-B333-ECA7014C268F}.Release|ARM64.ActiveCfg = Release|x64
		{3CC1C1F3-CBC7-4F50-B333-ECA7014C268F}.Release|ARM64.Build.0 = Release|x64
		{3CC1C1F3-CBC7-4F50-B333-ECA7014C268F}.Release|x64.ActiveCfg = Release|x64
		{3CC1C1F3-CBC7-4F50-B333-ECA7014C268F}.Release|x64.Build.0 = Release|x64
		{3CC1C1F3-CBC7-4F50-B333-ECA7014C268F}.Release|x86.ActiveCfg = Release|Win32
		{3CC1C1F3-CBC7-4F50-B333-ECA7014C268F}.Release|x86.Build.0 = Release|Win32
		{1955005E-2B6D-4A9D-BF31-66B7EB71C89E}.Debug|Any CPU.ActiveCfg = Debug|x64
		{1955005E-2B6D-4A9D-BF31-66B7EB71C89E}.Debug|Any CPU.Build.0 = Debug|x64
		{1955005E-2B6D-4A9D-BF31-66B7EB71C89E}.Debug|ARM.ActiveCfg = Debug|x64
		{1955005E-2B6D-4A9D-BF31-66B7EB71C89E}.Debug|ARM.Build.0 = Debug|x64
		{1955005E-2B6D-4A9D-BF31-66B7EB71C89E}.Debug|ARM64.ActiveCfg = Debug|x64
		{1955005E-2B6D-4A9D-BF31-66B7EB71C89E}.Debug|ARM64.Build.0 = Debug|x64
		{1955005E-2B6D-4A9D-BF31-66B7EB71C89E}.Debug|x64.ActiveCfg = Debug|x64
		{1955005E-2B6D-4A9D-BF31-66B7EB71C89E}.Debug|x64.Build.0 = Debug|x64
		{1955005E-2B6D-4A9D-BF31-66B7EB71C89E}.Debug|x86.ActiveCfg = Debug|Win32
		{1955005E-2B6D-4A9D-BF31-66B7EB71C89E}.Debug|x86.Build.0 = Debug|Win32
		{1955005E-2B6D-4A9D-BF31-66B7EB71C89E}.Release|Any CPU.ActiveCfg = Release|x64
		{1955005E-2B6D-4A9D-BF31-66B7EB71C89E}.Release|Any CPU.Build.0 = Release|x64
		{1955005E-2B6D-4A9D-BF31-66B7EB71C89E}.Release|ARM.ActiveCfg = Release|x64
		{1955005E-2B6D-4A9D-BF31-66B7EB71C89E}.Release|ARM.Build.0 = Release|x64
		{1955005E-2B6D-4A9D-BF31-66B7EB71C89E}.Release|ARM64.ActiveCfg = Release|x64
		{1955005E-2B6D-4A9D-BF31-66B7EB71C89E}.Release|ARM64.Build.0 = Release|x64
		{1955005E-2B6D-4A9D-BF31-66B7EB71C89E}.Release|x64.ActiveCfg = Release|x64
		{1955005E-2B6D-4A9D-BF31-66B7EB71C89E}.Release|x64.Build.0 = Release|x64
		{1955005E-2B6D-4A9D-BF31-66B7EB71C89E}.Release|x86.ActiveCfg = Release|Win32
		{1955005E-2B6D-4A9D-BF31-66B7EB71C89E}.Release|x86.Build.0 = Release|Win32
		{9246E6DF-0A7A-4573-80B8-3A7A45F6ABA7}.Debug|Any CPU.ActiveCfg = Debug|x64
		{9246E6DF-0A7A-4573-80B8-3A7A45F6ABA7}.Debug|Any CPU.Build.0 = Debug|x64
		{9246E6DF-0A7A-4573-80B8-3A7A45F6ABA7}.Debug|ARM.ActiveCfg = Debug|x64
		{9246E6DF-0A7A-4573-80B8-3A7A45F6ABA7}.Debug|ARM.Build.0 = Debug|x64
		{9246E6DF-0A7A-4573-80B8-3A7A45F6ABA7}.Debug|ARM64.ActiveCfg = Debug|x64
		{9246E6DF-0A7A-4573-80B8-3A7A45F6ABA7}.Debug|ARM64.Build.0 = Debug|x64
		{9246E6DF-0A7A-4573-80B8-3A7A45F6ABA7}.Debug|x64.ActiveCfg = Debug|x64
		{9246E6DF-0A7A-4573-80B8-3A7A45F6ABA7}.Debug|x64.Build.0 = Debug|x64
		{9246E6DF-0A7A-4573-80B8-3A7A45F6ABA7}.Debug|x86.ActiveCfg = Debug|Win32
		{9246E6DF-0A7A-4573-80B8-3A7A45F6ABA7}.Debug|x86.Build.0 = Debug|Win32
		{9246E6DF-0A7A-4573-80B8-3A7A45F6ABA7}.Release|Any CPU.ActiveCfg = Release|x64
		{9246E6DF-0A7A-4573-80B8-3A7A45F6ABA7}.Release|Any CPU.Build.0 = Release|x64
		{9246E6DF-0A7A-4573-80B8-3A7A45F6ABA7}.Release|ARM.ActiveCfg = Release|x64
		{9246E6DF-0A7A-4573-80B8-3A7A45F6ABA7}.Release|ARM.Build.0 = Release|x64
		{9246E6DF-0A7A-4573-80B8-3A7A45F6ABA7}.Release|ARM64.ActiveCfg = Release|x64
		{9246E6DF-0A7A-4573-80B8-3A7A45F6ABA7}.Release|ARM64.Build.0 = Release|x64
		{9246E6DF-0A7A-4573-80B8-3A7A45F6ABA7}.Release|x64.ActiveCfg = Release|x64
		{9246E6DF-0A7A-4573-80B8-3A7A45F6ABA7}.Release|x64.Build.0 = Release|x64
		{9246E6DF-0A7A-4573-80B8-3A7A45F6ABA7}.Release|x86.ActiveCfg = Release|Win32
		{9246E6DF-0A7A-4573-80B8-3A7A45F6ABA7}.Release|x86.Build.0 = Release|Win32
		{761A888E-AB4A-421A-84E6-A62A84A86B9A}.Debug|Any CPU.ActiveCfg = Debug|Any CPU
		{761A888E-AB4A-421A-84E6-A62A84A86B9A}.Debug|Any CPU.Build.0 = Debug|Any CPU
		{761A888E-AB4A-421A-84E6-A62A84A86B9A}.Debug|ARM.ActiveCfg = Debug|Any CPU
		{761A888E-AB4A-421A-84E6-A62A84A86B9A}.Debug|ARM.Build.0 = Debug|Any CPU
		{761A888E-AB4A-421A-84E6-A62A84A86B9A}.Debug|ARM64.ActiveCfg = Debug|Any CPU
		{761A888E-AB4A-421A-84E6-A62A84A86B9A}.Debug|ARM64.Build.0 = Debug|Any CPU
		{761A888E-AB4A-421A-84E6-A62A84A86B9A}.Debug|x64.ActiveCfg = Debug|Any CPU
		{761A888E-AB4A-421A-84E6-A62A84A86B9A}.Debug|x64.Build.0 = Debug|Any CPU
		{761A888E-AB4A-421A-84E6-A62A84A86B9A}.Debug|x86.ActiveCfg = Debug|Any CPU
		{761A888E-AB4A-421A-84E6-A62A84A86B9A}.Debug|x86.Build.0 = Debug|Any CPU
		{761A888E-AB4A-421A-84E6-A62A84A86B9A}.Release|Any CPU.ActiveCfg = Release|Any CPU
		{761A888E-AB4A-421A-84E6-A62A84A86B9A}.Release|Any CPU.Build.0 = Release|Any CPU
		{761A888E-AB4A-421A-84E6-A62A84A86B9A}.Release|ARM.ActiveCfg = Release|Any CPU
		{761A888E-AB4A-421A-84E6-A62A84A86B9A}.Release|ARM.Build.0 = Release|Any CPU
		{761A888E-AB4A-421A-84E6-A62A84A86B9A}.Release|ARM64.ActiveCfg = Release|Any CPU
		{761A888E-AB4A-421A-84E6-A62A84A86B9A}.Release|ARM64.Build.0 = Release|Any CPU
		{761A888E-AB4A-421A-84E6-A62A84A86B9A}.Release|x64.ActiveCfg = Release|Any CPU
		{761A888E-AB4A-421A-84E6-A62A84A86B9A}.Release|x64.Build.0 = Release|Any CPU
		{761A888E-AB4A-421A-84E6-A62A84A86B9A}.Release|x86.ActiveCfg = Release|Any CPU
		{761A888E-AB4A-421A-84E6-A62A84A86B9A}.Release|x86.Build.0 = Release|Any CPU
		{F9287F90-302B-40B8-B263-3B733611A0D7}.Debug|Any CPU.ActiveCfg = Debug|Any CPU
		{F9287F90-302B-40B8-B263-3B733611A0D7}.Debug|Any CPU.Build.0 = Debug|Any CPU
		{F9287F90-302B-40B8-B263-3B733611A0D7}.Debug|ARM.ActiveCfg = Debug|Any CPU
		{F9287F90-302B-40B8-B263-3B733611A0D7}.Debug|ARM.Build.0 = Debug|Any CPU
		{F9287F90-302B-40B8-B263-3B733611A0D7}.Debug|ARM64.ActiveCfg = Debug|Any CPU
		{F9287F90-302B-40B8-B263-3B733611A0D7}.Debug|ARM64.Build.0 = Debug|Any CPU
		{F9287F90-302B-40B8-B263-3B733611A0D7}.Debug|x64.ActiveCfg = Debug|Any CPU
		{F9287F90-302B-40B8-B263-3B733611A0D7}.Debug|x64.Build.0 = Debug|Any CPU
		{F9287F90-302B-40B8-B263-3B733611A0D7}.Debug|x86.ActiveCfg = Debug|Any CPU
		{F9287F90-302B-40B8-B263-3B733611A0D7}.Debug|x86.Build.0 = Debug|Any CPU
		{F9287F90-302B-40B8-B263-3B733611A0D7}.Release|Any CPU.ActiveCfg = Release|Any CPU
		{F9287F90-302B-40B8-B263-3B733611A0D7}.Release|Any CPU.Build.0 = Release|Any CPU
		{F9287F90-302B-40B8-B263-3B733611A0D7}.Release|ARM.ActiveCfg = Release|Any CPU
		{F9287F90-302B-40B8-B263-3B733611A0D7}.Release|ARM.Build.0 = Release|Any CPU
		{F9287F90-302B-40B8-B263-3B733611A0D7}.Release|ARM64.ActiveCfg = Release|Any CPU
		{F9287F90-302B-40B8-B263-3B733611A0D7}.Release|ARM64.Build.0 = Release|Any CPU
		{F9287F90-302B-40B8-B263-3B733611A0D7}.Release|x64.ActiveCfg = Release|Any CPU
		{F9287F90-302B-40B8-B263-3B733611A0D7}.Release|x64.Build.0 = Release|Any CPU
		{F9287F90-302B-40B8-B263-3B733611A0D7}.Release|x86.ActiveCfg = Release|Any CPU
		{F9287F90-302B-40B8-B263-3B733611A0D7}.Release|x86.Build.0 = Release|Any CPU
	EndGlobalSection
	GlobalSection(SolutionProperties) = preSolution
		HideSolutionNode = FALSE
	EndGlobalSection
	GlobalSection(NestedProjects) = preSolution
		{298DCE39-03D1-45A7-B2D7-08ADBC318AB0} = {9DC32AC8-D864-4333-AB4B-4F8B9ABB01A5}
		{51FCA1D7-E190-410C-AA58-9398B5F818B6} = {298DCE39-03D1-45A7-B2D7-08ADBC318AB0}
		{45D13508-A4B3-4073-B79F-68957D1BB296} = {298DCE39-03D1-45A7-B2D7-08ADBC318AB0}
		{E0C72B0C-F306-4B95-B1B1-8DCDEAFD5627} = {298DCE39-03D1-45A7-B2D7-08ADBC318AB0}
		{78B7C021-0DA5-48CA-A1F0-20517D77CC37} = {298DCE39-03D1-45A7-B2D7-08ADBC318AB0}
		{B4DE2730-7879-41C9-A163-9CDC0307C75E} = {298DCE39-03D1-45A7-B2D7-08ADBC318AB0}
		{B961D53F-7736-406C-A7D0-B6C0D5B6F09A} = {9DC32AC8-D864-4333-AB4B-4F8B9ABB01A5}
		{38F64B0A-9DFE-486D-95CC-587180491688} = {B961D53F-7736-406C-A7D0-B6C0D5B6F09A}
		{038CF6B1-91C7-4BC8-83ED-79A83E61931E} = {B961D53F-7736-406C-A7D0-B6C0D5B6F09A}
		{00CDC276-B91C-4E05-9511-26C6B3FB1F42} = {B961D53F-7736-406C-A7D0-B6C0D5B6F09A}
		{D3963EED-A21B-41C2-B559-7E087DE2AD8B} = {B961D53F-7736-406C-A7D0-B6C0D5B6F09A}
		{22CF8071-2221-4713-BD31-B28875802CE0} = {B961D53F-7736-406C-A7D0-B6C0D5B6F09A}
		{4C4CEFCC-FD7C-4891-BA06-BC7264087F8A} = {3312560A-C4E8-408F-AFC0-787FAD54877F}
		{57C25644-2B5B-4CAB-BD3D-DA54224059BD} = {B961D53F-7736-406C-A7D0-B6C0D5B6F09A}
		{B2AC0A72-CFEA-4593-84E5-DD70CCC2A489} = {57C25644-2B5B-4CAB-BD3D-DA54224059BD}
		{6F70395A-EBD7-4651-B9EB-A6ADD19C679C} = {57C25644-2B5B-4CAB-BD3D-DA54224059BD}
		{DC0E02D2-D53B-42E3-BC64-25A391637910} = {57C25644-2B5B-4CAB-BD3D-DA54224059BD}
		{0DD25A7E-1E7B-4684-B609-8E7C42CC3E8F} = {9DC32AC8-D864-4333-AB4B-4F8B9ABB01A5}
		{1C0E0BA4-EDEB-41AF-8EEE-FDB4A839CA29} = {9DC32AC8-D864-4333-AB4B-4F8B9ABB01A5}
		{0138406A-3B92-4111-93FC-54FDC50416D1} = {3685538C-5AD6-47BA-A6D1-0201F9A0FAD2}
		{3C74E203-AB1E-4B72-AAB8-5761FCDF3478} = {3685538C-5AD6-47BA-A6D1-0201F9A0FAD2}
		{1C172B74-351F-403F-90D0-E857515B2BB7} = {3685538C-5AD6-47BA-A6D1-0201F9A0FAD2}
		{3CC1C1F3-CBC7-4F50-B333-ECA7014C268F} = {3685538C-5AD6-47BA-A6D1-0201F9A0FAD2}
		{1955005E-2B6D-4A9D-BF31-66B7EB71C89E} = {3685538C-5AD6-47BA-A6D1-0201F9A0FAD2}
		{9246E6DF-0A7A-4573-80B8-3A7A45F6ABA7} = {3685538C-5AD6-47BA-A6D1-0201F9A0FAD2}
		{3312560A-C4E8-408F-AFC0-787FAD54877F} = {9DC32AC8-D864-4333-AB4B-4F8B9ABB01A5}
	EndGlobalSection
	GlobalSection(ExtensibilityGlobals) = postSolution
		SolutionGuid = {D5EA7B49-910B-45A6-83D0-79D181236669}
	EndGlobalSection
EndGlobal
